
Microsoft Visual Studio Solution File, Format Version 12.00
# Visual Studio Version 17
VisualStudioVersion = 17.0.31903.59
MinimumVisualStudioVersion = 10.0.40219.1
Project("{8BC9CEB8-8B4A-11D0-8D11-00A0C91BC942}") = "Engine", "Engine\Code\Engine\Engine.vcxproj", "{ACBDA225-83DE-4FBA-A746-0135429FB391}"
EndProject
Project("{8BC9CEB8-8B4A-11D0-8D11-00A0C91BC942}") = "Editor", "Editor\Code\Editor.vcxproj", "{B585E210-208B-4A38-8470-4C3AB0D31440}"
EndProject
Global
	GlobalSection(SolutionConfigurationPlatforms) = preSolution
		Debug|x64 = Debug|x64
		DebugProfile|x64 = DebugProfile|x64
		FinalBuild|x64 = FinalBuild|x64
		Release|x64 = Release|x64
	EndGlobalSection
	GlobalSection(ProjectConfigurationPlatforms) = postSolution
		{ACBDA225-83DE-4FBA-A746-0135429FB391}.Debug|x64.ActiveCfg = Debug|x64
		{ACBDA225-83DE-4FBA-A746-0135429FB391}.Debug|x64.Build.0 = Debug|x64
		{ACBDA225-83DE-4FBA-A746-0135429FB391}.DebugProfile|x64.ActiveCfg = DebugProfile|x64
		{ACBDA225-83DE-4FBA-A746-0135429FB391}.DebugProfile|x64.Build.0 = DebugProfile|x64
		{ACBDA225-83DE-4FBA-A746-0135429FB391}.FinalBuild|x64.ActiveCfg = FinalBuild|x64
		{ACBDA225-83DE-4FBA-A746-0135429FB391}.FinalBuild|x64.Build.0 = FinalBuild|x64
		{ACBDA225-83DE-4FBA-A746-0135429FB391}.Release|x64.ActiveCfg = Release|x64
		{ACBDA225-83DE-4FBA-A746-0135429FB391}.Release|x64.Build.0 = Release|x64
		{B585E210-208B-4A38-8470-4C3AB0D31440}.Debug|x64.ActiveCfg = Debug|x64
		{B585E210-208B-4A38-8470-4C3AB0D31440}.Debug|x64.Build.0 = Debug|x64
		{B585E210-208B-4A38-8470-4C3AB0D31440}.DebugProfile|x64.ActiveCfg = DebugProfile|x64
		{B585E210-208B-4A38-8470-4C3AB0D31440}.DebugProfile|x64.Build.0 = DebugProfile|x64
		{B585E210-208B-4A38-8470-4C3AB0D31440}.FinalBuild|x64.ActiveCfg = FinalBuild|x64
		{B585E210-208B-4A38-8470-4C3AB0D31440}.FinalBuild|x64.Build.0 = FinalBuild|x64
		{B585E210-208B-4A38-8470-4C3AB0D31440}.Release|x64.ActiveCfg = Release|x64
		{B585E210-208B-4A38-8470-4C3AB0D31440}.Release|x64.Build.0 = Release|x64
	EndGlobalSection
	GlobalSection(SolutionProperties) = preSolution
		HideSolutionNode = FALSE
	EndGlobalSection
	GlobalSection(ExtensibilityGlobals) = postSolution
		SolutionGuid = {15C351AC-FEAA-423A-B96F-D4A2B0895F86}
	EndGlobalSection
EndGlobal
